{
  "name": "trend_yemen",
  "lockfileVersion": 3,
  "requires": true,
  "packages": {
    "": {
      "dependencies": {
        "google-spreadsheet": "^5.2.0"
      }
    },
    "node_modules/es-toolkit": {
      "version": "1.45.1",
      "resolved": "https://registry.npmjs.org/es-toolkit/-/es-toolkit-1.45.1.tgz",
      "integrity": "sha512-/jhoOj/Fx+A+IIyDNOvO3TItGmlMKhtX8ISAHKE90c4b/k1tqaqEZ+uUqfpU8DMnW5cgNJv606zS55jGvza0Xw==",
      "license": "MIT",
      "workspaces": [
        "docs",
        "benchmarks"
      ]
    },
    "node_modules/google-spreadsheet": {
      "version": "5.2.0",
      "resolved": "https://registry.npmjs.org/google-spreadsheet/-/google-spreadsheet-5.2.0.tgz",
      "integrity": "sha512-sqQN+o0fxR5tfjFYKOuqgNFYKI/3uYT1TjLVUnN5SRckcR931szYjmvRvgN1QJ8VE2R6TlDuiFZ7LmfXvEKTyA==",
      "license": "MIT",
      "dependencies": {
        "es-toolkit": "^1.44.0",
        "ky": "^1.14.3"
      },
      "peerDependencies": {
        "google-auth-library": ">=8.8.0"
      },
      "peerDependenciesMeta": {
        "google-auth-library": {
          "optional": true
        }
      }
    },
    "node_modules/ky": {
      "version": "1.14.3",
      "resolved": "https://registry.npmjs.org/ky/-/ky-1.14.3.tgz",
      "integrity": "sha512-9zy9lkjac+TR1c2tG+mkNSVlyOpInnWdSMiue4F+kq8TwJSgv6o8jhLRg8Ho6SnZ9wOYUq/yozts9qQCfk7bIw==",
      "license": "MIT",
      "engines": {
        "node": ">=18"
      },
      "funding": {
        "url": "https://github.com/sindresorhus/ky?sponsor=1"
      }
    }
  }
}
